
Microsoft Visual Studio Solution File, Format Version 12.00
# Visual Studio Version 17
VisualStudioVersion = 17.10.35013.160
MinimumVisualStudioVersion = 10.0.40219.1
Project("{FAE04EC0-301F-11D3-BF4B-00C04F79EFBC}") = "FoundationApplication", "FoundationApplication\FoundationApplication.csproj", "{C6A0AA2F-5353-47E6-9AC5-73864D3281A8}"
EndProject
Global
	GlobalSection(SolutionConfigurationPlatforms) = preSolution
		Debug|Any CPU = Debug|Any CPU
		Release|Any CPU = Release|Any CPU
	EndGlobalSection
	GlobalSection(ProjectConfigurationPlatforms) = postSolution
		{C6A0AA2F-5353-47E6-9AC5-73864D3281A8}.Debug|Any CPU.ActiveCfg = Debug|Any CPU
		{C6A0AA2F-5353-47E6-9AC5-73864D3281A8}.Debug|Any CPU.Build.0 = Debug|Any CPU
		{C6A0AA2F-5353-47E6-9AC5-73864D3281A8}.Release|Any CPU.ActiveCfg = Release|Any CPU
		{C6A0AA2F-5353-47E6-9AC5-73864D3281A8}.Release|Any CPU.Build.0 = Release|Any CPU
	EndGlobalSection
	GlobalSection(SolutionProperties) = preSolution
		HideSolutionNode = FALSE
	EndGlobalSection
	GlobalSection(ExtensibilityGlobals) = postSolution
		SolutionGuid = {80E79934-42A7-4A81-A77A-25F573E91005}
	EndGlobalSection
EndGlobal
